
Microsoft Visual Studio Solution File, Format Version 12.00
# Visual Studio Version 17
VisualStudioVersion = 17.6.33723.286
MinimumVisualStudioVersion = 10.0.40219.1
Project("{FAE04EC0-301F-11D3-BF4B-00C04F79EFBC}") = "Contacts(WF+LINQ)", "Contacts(WF+LINQ).csproj", "{F10216D3-7F06-4875-98A4-AB8C14B617A6}"
EndProject
Global
	GlobalSection(SolutionConfigurationPlatforms) = preSolution
		Debug|Any CPU = Debug|Any CPU
		Release|Any CPU = Release|Any CPU
	EndGlobalSection
	GlobalSection(ProjectConfigurationPlatforms) = postSolution
		{F10216D3-7F06-4875-98A4-AB8C14B617A6}.Debug|Any CPU.ActiveCfg = Debug|Any CPU
		{F10216D3-7F06-4875-98A4-AB8C14B617A6}.Debug|Any CPU.Build.0 = Debug|Any CPU
		{F10216D3-7F06-4875-98A4-AB8C14B617A6}.Release|Any CPU.ActiveCfg = Release|Any CPU
		{F10216D3-7F06-4875-98A4-AB8C14B617A6}.Release|Any CPU.Build.0 = Release|Any CPU
	EndGlobalSection
	GlobalSection(SolutionProperties) = preSolution
		HideSolutionNode = FALSE
	EndGlobalSection
	GlobalSection(ExtensibilityGlobals) = postSolution
		SolutionGuid = {E49DDE57-D395-4B35-BF6D-92058EFF35C8}
	EndGlobalSection
EndGlobal
